{
  "name": "3d-planet-orbit",
  "version": "1.0.0",
  "lockfileVersion": 1,
  "requires": true,
  "dependencies": {
    "dat.gui": {
      "version": "0.7.6",
      "resolved": "https://registry.npmjs.org/dat.gui/-/dat.gui-0.7.6.tgz",
      "integrity": "sha512-9Uqr4aQUvp9q5P2b4y6gK604HXafubOq578OmOS8mjrIkYrBP4EbQ9gz9YRXgyPh7aQi+b9H/jAG7EucmhYpSA=="
    },
    "three": {
      "version": "0.113.2",
      "resolved": "https://registry.npmjs.org/three/-/three-0.113.2.tgz",
      "integrity": "sha512-x3vrKW41/UtbWbWduWKGlfIc043SvHWr3YltehYq+UGb9YglQ2oztNGvl2eut05JtNSmP11Mh3t6Xak5/0e+Fg=="
    }
  }
}
